("quicklisp" .
 (:class qlot/source/dist:source-dist
  :initargs (:distribution "https://beta.quicklisp.org/dist/quicklisp.txt" :%version :latest)
  :version "2026-01-01"))
("supercons" .
 (:class qlot/source/git:source-git
  :initargs (:remote-url "https://github.com/theangelperalta/supercons.git")
  :version "git-2760db35c31bdc3729b659a067e41bbe3f4ea36c"))
